schema: '2.0'
stages:
  preprocess:
    cmd: python src/preprocess.py
    deps:
    - path: data/raw/Salary_dataset.csv
      hash: md5
      md5: da623bd7c9bd0b743bd2e100c57bad95
      size: 665
    - path: src/preprocess.py
      hash: md5
      md5: 2a3ee4479d6f1cf1f60fd607e3cc992c
      size: 495
    outs:
    - path: data/processed/X_test.csv
      hash: md5
      md5: 6044457a11952668c3346aba543e05ed
      size: 69
    - path: data/processed/X_train.csv
      hash: md5
      md5: db92e5ff894af81b9101503d55e1b090
      size: 215
    - path: data/processed/y_test.csv
      hash: md5
      md5: af29d249704068ba73daf602d27ddcec
      size: 57
    - path: data/processed/y_train.csv
      hash: md5
      md5: cbc738221b56cab5f181f3aeaf8f6700
      size: 206
  train:
    cmd: python src/train.py
    deps:
    - path: data/processed/X_train.csv
      hash: md5
      md5: db92e5ff894af81b9101503d55e1b090
      size: 215
    - path: data/processed/y_train.csv
      hash: md5
      md5: cbc738221b56cab5f181f3aeaf8f6700
      size: 206
    - path: params.yaml
      hash: md5
      md5: 75d48167f6eee63dcca4a9c5625d8e1e
      size: 31
    - path: src/train.py
      hash: md5
      md5: ddcbe8387b3fb886ca20095b1be512e1
      size: 399
    outs:
    - path: models/model.pkl
      hash: md5
      md5: 941e2c0eca4d8a302682926b1644a838
      size: 879
  evaluate:
    cmd: python src/evaluate.py
    deps:
    - path: data/processed/X_test.csv
      hash: md5
      md5: 6044457a11952668c3346aba543e05ed
      size: 69
    - path: data/processed/y_test.csv
      hash: md5
      md5: af29d249704068ba73daf602d27ddcec
      size: 57
    - path: models/model.pkl
      hash: md5
      md5: 941e2c0eca4d8a302682926b1644a838
      size: 879
    - path: src/evaluate.py
      hash: md5
      md5: 57e39e76aaa3d729a5ab63b95b00fcc5
      size: 567
    outs:
    - path: metrics.json
      hash: md5
      md5: 620ac8890e98996439411bd02d3c7b29
      size: 95
